// !$*UTF8*$!
{
	archiveVersion = 1;
	classes = {
	};
	objectVersion = 55;
	objects = {

/* Begin PBXBuildFile section */
		1F0BA9602773DDFD00DA2824 /* MyFriendTableVC.swift in Sources */ = {isa = PBXBuildFile; fileRef = 1F0BA95F2773DDFD00DA2824 /* MyFriendTableVC.swift */; };
		1F0BA9622773DE7900DA2824 /* MyGroupsTableVC.swift in Sources */ = {isa = PBXBuildFile; fileRef = 1F0BA9612773DE7900DA2824 /* MyGroupsTableVC.swift */; };
		1F0BA9642773DEF000DA2824 /* AllGroupsTableVC.swift in Sources */ = {isa = PBXBuildFile; fileRef = 1F0BA9632773DEF000DA2824 /* AllGroupsTableVC.swift */; };
		1F0BA9662773DF4400DA2824 /* FriedCollectionVC.swift in Sources */ = {isa = PBXBuildFile; fileRef = 1F0BA9652773DF4400DA2824 /* FriedCollectionVC.swift */; };
		1FE43342276A8E4F0022CEDB /* AppDelegate.swift in Sources */ = {isa = PBXBuildFile; fileRef = 1FE43341276A8E4F0022CEDB /* AppDelegate.swift */; };
		1FE43344276A8E4F0022CEDB /* SceneDelegate.swift in Sources */ = {isa = PBXBuildFile; fileRef = 1FE43343276A8E4F0022CEDB /* SceneDelegate.swift */; };
		1FE43346276A8E4F0022CEDB /* LoginViewController.swift in Sources */ = {isa = PBXBuildFile; fileRef = 1FE43345276A8E4F0022CEDB /* LoginViewController.swift */; };
		1FE43349276A8E4F0022CEDB /* Main.storyboard in Resources */ = {isa = PBXBuildFile; fileRef = 1FE43347276A8E4F0022CEDB /* Main.storyboard */; };
		1FE4334B276A8E510022CEDB /* Assets.xcassets in Resources */ = {isa = PBXBuildFile; fileRef = 1FE4334A276A8E510022CEDB /* Assets.xcassets */; };
		1FE4334E276A8E510022CEDB /* LaunchScreen.storyboard in Resources */ = {isa = PBXBuildFile; fileRef = 1FE4334C276A8E510022CEDB /* LaunchScreen.storyboard */; };
/* End PBXBuildFile section */

/* Begin PBXFileReference section */
		1F0BA95F2773DDFD00DA2824 /* MyFriendTableVC.swift */ = {isa = PBXFileReference; lastKnownFileType = sourcecode.swift; path = MyFriendTableVC.swift; sourceTree = "<group>"; };
		1F0BA9612773DE7900DA2824 /* MyGroupsTableVC.swift */ = {isa = PBXFileReference; lastKnownFileType = sourcecode.swift; path = MyGroupsTableVC.swift; sourceTree = "<group>"; };
		1F0BA9632773DEF000DA2824 /* AllGroupsTableVC.swift */ = {isa = PBXFileReference; lastKnownFileType = sourcecode.swift; path = AllGroupsTableVC.swift; sourceTree = "<group>"; };
		1F0BA9652773DF4400DA2824 /* FriedCollectionVC.swift */ = {isa = PBXFileReference; lastKnownFileType = sourcecode.swift; path = FriedCollectionVC.swift; sourceTree = "<group>"; };
		1FE4333E276A8E4F0022CEDB /* VkStoryboardUI.app */ = {isa = PBXFileReference; explicitFileType = wrapper.application; includeInIndex = 0; path = VkStoryboardUI.app; sourceTree = BUILT_PRODUCTS_DIR; };
		1FE43341276A8E4F0022CEDB /* AppDelegate.swift */ = {isa = PBXFileReference; lastKnownFileType = sourcecode.swift; path = AppDelegate.swift; sourceTree = "<group>"; };
		1FE43343276A8E4F0022CEDB /* SceneDelegate.swift */ = {isa = PBXFileReference; lastKnownFileType = sourcecode.swift; path = SceneDelegate.swift; sourceTree = "<group>"; };
		1FE43345276A8E4F0022CEDB /* LoginViewController.swift */ = {isa = PBXFileReference; lastKnownFileType = sourcecode.swift; path = LoginViewController.swift; sourceTree = "<group>"; };
		1FE43348276A8E4F0022CEDB /* Base */ = {isa = PBXFileReference; lastKnownFileType = file.storyboard; name = Base; path = Base.lproj/Main.storyboard; sourceTree = "<group>"; };
		1FE4334A276A8E510022CEDB /* Assets.xcassets */ = {isa = PBXFileReference; lastKnownFileType = folder.assetcatalog; path = Assets.xcassets; sourceTree = "<group>"; };
		1FE4334D276A8E510022CEDB /* Base */ = {isa = PBXFileReference; lastKnownFileType = file.storyboard; name = Base; path = Base.lproj/LaunchScreen.storyboard; sourceTree = "<group>"; };
		1FE4334F276A8E510022CEDB /* Info.plist */ = {isa = PBXFileReference; lastKnownFileType = text.plist.xml; path = Info.plist; sourceTree = "<group>"; };
/* End PBXFileReference section */

/* Begin PBXFrameworksBuildPhase section */
		1FE4333B276A8E4F0022CEDB /* Frameworks */ = {
			isa = PBXFrameworksBuildPhase;
			buildActionMask = 2147483647;
			files = (
			);
			runOnlyForDeploymentPostprocessing = 0;
		};
/* End PBXFrameworksBuildPhase section */

/* Begin PBXGroup section */
		1FE43335276A8E4F0022CEDB = {
			isa = PBXGroup;
			children = (
				1FE43340276A8E4F0022CEDB /* VkStoryboardUI */,
				1FE4333F276A8E4F0022CEDB /* Products */,
			);
			sourceTree = "<group>";
		};
		1FE4333F276A8E4F0022CEDB /* Products */ = {
			isa = PBXGroup;
			children = (
				1FE4333E276A8E4F0022CEDB /* VkStoryboardUI.app */,
			);
			name = Products;
			sourceTree = "<group>";
		};
		1FE43340276A8E4F0022CEDB /* VkStoryboardUI */ = {
			isa = PBXGroup;
			children = (
				1FE43356276A8E940022CEDB /* ViewControllers */,
				1FE43355276A8E850022CEDB /* View */,
				1FE43357276A8EB20022CEDB /* Source */,
				1FE4334A276A8E510022CEDB /* Assets.xcassets */,
				1FE4334F276A8E510022CEDB /* Info.plist */,
			);
			path = VkStoryboardUI;
			sourceTree = "<group>";
		};
		1FE43355276A8E850022CEDB /* View */ = {
			isa = PBXGroup;
			children = (
				1FE43347276A8E4F0022CEDB /* Main.storyboard */,
			);
			path = View;
			sourceTree = "<group>";
		};
		1FE43356276A8E940022CEDB /* ViewControllers */ = {
			isa = PBXGroup;
			children = (
				1FE43345276A8E4F0022CEDB /* LoginViewController.swift */,
				1F0BA95F2773DDFD00DA2824 /* MyFriendTableVC.swift */,
				1F0BA9652773DF4400DA2824 /* FriedCollectionVC.swift */,
				1F0BA9612773DE7900DA2824 /* MyGroupsTableVC.swift */,
				1F0BA9632773DEF000DA2824 /* AllGroupsTableVC.swift */,
			);
			path = ViewControllers;
			sourceTree = "<group>";
		};
		1FE43357276A8EB20022CEDB /* Source */ = {
			isa = PBXGroup;
			children = (
				1FE43341276A8E4F0022CEDB /* AppDelegate.swift */,
				1FE43343276A8E4F0022CEDB /* SceneDelegate.swift */,
				1FE4334C276A8E510022CEDB /* LaunchScreen.storyboard */,
			);
			path = Source;
			sourceTree = "<group>";
		};
/* End PBXGroup section */

/* Begin PBXNativeTarget section */
		1FE4333D276A8E4F0022CEDB /* VkStoryboardUI */ = {
			isa = PBXNativeTarget;
			buildConfigurationList = 1FE43352276A8E510022CEDB /* Build configuration list for PBXNativeTarget "VkStoryboardUI" */;
			buildPhases = (
				1FE4333A276A8E4F0022CEDB /* Sources */,
				1FE4333B276A8E4F0022CEDB /* Frameworks */,
				1FE4333C276A8E4F0022CEDB /* Resources */,
			);
			buildRules = (
			);
			dependencies = (
			);
			name = VkStoryboardUI;
			productName = VkStoryboardUI;
			productReference = 1FE4333E276A8E4F0022CEDB /* VkStoryboardUI.app */;
			productType = "com.apple.product-type.application";
		};
/* End PBXNativeTarget section */

/* Begin PBXProject section */
		1FE43336276A8E4F0022CEDB /* Project object */ = {
			isa = PBXProject;
			attributes = {
				BuildIndependentTargetsInParallel = 1;
				LastSwiftUpdateCheck = 1310;
				LastUpgradeCheck = 1310;
				TargetAttributes = {
					1FE4333D276A8E4F0022CEDB = {
						CreatedOnToolsVersion = 13.1;
					};
				};
			};
			buildConfigurationList = 1FE43339276A8E4F0022CEDB /* Build configuration list for PBXProject "VkStoryboardUI" */;
			compatibilityVersion = "Xcode 13.0";
			developmentRegion = en;
			hasScannedForEncodings = 0;
			knownRegions = (
				en,
				Base,
			);
			mainGroup = 1FE43335276A8E4F0022CEDB;
			productRefGroup = 1FE4333F276A8E4F0022CEDB /* Products */;
			projectDirPath = "";
			projectRoot = "";
			targets = (
				1FE4333D276A8E4F0022CEDB /* VkStoryboardUI */,
			);
		};
/* End PBXProject section */

/* Begin PBXResourcesBuildPhase section */
		1FE4333C276A8E4F0022CEDB /* Resources */ = {
			isa = PBXResourcesBuildPhase;
			buildActionMask = 2147483647;
			files = (
				1FE4334E276A8E510022CEDB /* LaunchScreen.storyboard in Resources */,
				1FE4334B276A8E510022CEDB /* Assets.xcassets in Resources */,
				1FE43349276A8E4F0022CEDB /* Main.storyboard in Resources */,
			);
			runOnlyForDeploymentPostprocessing = 0;
		};
/* End PBXResourcesBuildPhase section */

/* Begin PBXSourcesBuildPhase section */
		1FE4333A276A8E4F0022CEDB /* Sources */ = {
			isa = PBXSourcesBuildPhase;
			buildActionMask = 2147483647;
			files = (
				1FE43346276A8E4F0022CEDB /* LoginViewController.swift in Sources */,
				1FE43342276A8E4F0022CEDB /* AppDelegate.swift in Sources */,
				1F0BA9622773DE7900DA2824 /* MyGroupsTableVC.swift in Sources */,
				1FE43344276A8E4F0022CEDB /* SceneDelegate.swift in Sources */,
				1F0BA9602773DDFD00DA2824 /* MyFriendTableVC.swift in Sources */,
				1F0BA9642773DEF000DA2824 /* AllGroupsTableVC.swift in Sources */,
				1F0BA9662773DF4400DA2824 /* FriedCollectionVC.swift in Sources */,
			);
			runOnlyForDeploymentPostprocessing = 0;
		};
/* End PBXSourcesBuildPhase section */

/* Begin PBXVariantGroup section */
		1FE43347276A8E4F0022CEDB /* Main.storyboard */ = {
			isa = PBXVariantGroup;
			children = (
				1FE43348276A8E4F0022CEDB /* Base */,
			);
			name = Main.storyboard;
			sourceTree = "<group>";
		};
		1FE4334C276A8E510022CEDB /* LaunchScreen.storyboard */ = {
			isa = PBXVariantGroup;
			children = (
				1FE4334D276A8E510022CEDB /* Base */,
			);
			name = LaunchScreen.storyboard;
			sourceTree = "<group>";
		};
/* End PBXVariantGroup section */

/* Begin XCBuildConfiguration section */
		1FE43350276A8E510022CEDB /* Debug */ = {
			isa = XCBuildConfiguration;
			buildSettings = {
				ALWAYS_SEARCH_USER_PATHS = NO;
				CLANG_ANALYZER_NONNULL = YES;
				CLANG_ANALYZER_NUMBER_OBJECT_CONVERSION = YES_AGGRESSIVE;
				CLANG_CXX_LANGUAGE_STANDARD = "gnu++17";
				CLANG_CXX_LIBRARY = "libc++";
				CLANG_ENABLE_MODULES = YES;
				CLANG_ENABLE_OBJC_ARC = YES;
				CLANG_ENABLE_OBJC_WEAK = YES;
				CLANG_WARN_BLOCK_CAPTURE_AUTORELEASING = YES;
				CLANG_WARN_BOOL_CONVERSION = YES;
				CLANG_WARN_COMMA = YES;
				CLANG_WARN_CONSTANT_CONVERSION = YES;
				CLANG_WARN_DEPRECATED_OBJC_IMPLEMENTATIONS = YES;
				CLANG_WARN_DIRECT_OBJC_ISA_USAGE = YES_ERROR;
				CLANG_WARN_DOCUMENTATION_COMMENTS = YES;
				CLANG_WARN_EMPTY_BODY = YES;
				CLANG_WARN_ENUM_CONVERSION = YES;
				CLANG_WARN_INFINITE_RECURSION = YES;
				CLANG_WARN_INT_CONVERSION = YES;
				CLANG_WARN_NON_LITERAL_NULL_CONVERSION = YES;
				CLANG_WARN_OBJC_IMPLICIT_RETAIN_SELF = YES;
				CLANG_WARN_OBJC_LITERAL_CONVERSION = YES;
				CLANG_WARN_OBJC_ROOT_CLASS = YES_ERROR;
				CLANG_WARN_QUOTED_INCLUDE_IN_FRAMEWORK_HEADER = YES;
				CLANG_WARN_RANGE_LOOP_ANALYSIS = YES;
				CLANG_WARN_STRICT_PROTOTYPES = YES;
				CLANG_WARN_SUSPICIOUS_MOVE = YES;
				CLANG_WARN_UNGUARDED_AVAILABILITY = YES_AGGRESSIVE;
				CLANG_WARN_UNREACHABLE_CODE = YES;
				CLANG_WARN__DUPLICATE_METHOD_MATCH = YES;
				COPY_PHASE_STRIP = NO;
				DEBUG_INFORMATION_FORMAT = dwarf;
				ENABLE_STRICT_OBJC_MSGSEND = YES;
				ENABLE_TESTABILITY = YES;
				GCC_C_LANGUAGE_STANDARD = gnu11;
				GCC_DYNAMIC_NO_PIC = NO;
				GCC_NO_COMMON_BLOCKS = YES;
				GCC_OPTIMIZATION_LEVEL = 0;
				GCC_PREPROCESSOR_DEFINITIONS = (
					"DEBUG=1",
					"$(inherited)",
				);
				GCC_WARN_64_TO_32_BIT_CONVERSION = YES;
				GCC_WARN_ABOUT_RETURN_TYPE = YES_ERROR;
				GCC_WARN_UNDECLARED_SELECTOR = YES;
				GCC_WARN_UNINITIALIZED_AUTOS = YES_AGGRESSIVE;
				GCC_WARN_UNUSED_FUNCTION = YES;
				GCC_WARN_UNUSED_VARIABLE = YES;
				IPHONEOS_DEPLOYMENT_TARGET = 15.0;
				MTL_ENABLE_DEBUG_INFO = INCLUDE_SOURCE;
				MTL_FAST_MATH = YES;
				ONLY_ACTIVE_ARCH = YES;
				SDKROOT = iphoneos;
				SWIFT_ACTIVE_COMPILATION_CONDITIONS = DEBUG;
				SWIFT_OPTIMIZATION_LEVEL = "-Onone";
			};
			name = Debug;
		};
		1FE43351276A8E510022CEDB /* Release */ = {
			isa = XCBuildConfiguration;
			buildSettings = {
				ALWAYS_SEARCH_USER_PATHS = NO;
				CLANG_ANALYZER_NONNULL = YES;
				CLANG_ANALYZER_NUMBER_OBJECT_CONVERSION = YES_AGGRESSIVE;
				CLANG_CXX_LANGUAGE_STANDARD = "gnu++17";
				CLANG_CXX_LIBRARY = "libc++";
				CLANG_ENABLE_MODULES = YES;
				CLANG_ENABLE_OBJC_ARC = YES;
				CLANG_ENABLE_OBJC_WEAK = YES;
				CLANG_WARN_BLOCK_CAPTURE_AUTORELEASING = YES;
				CLANG_WARN_BOOL_CONVERSION = YES;
				CLANG_WARN_COMMA = YES;
				CLANG_WARN_CONSTANT_CONVERSION = YES;
				CLANG_WARN_DEPRECATED_OBJC_IMPLEMENTATIONS = YES;
				CLANG_WARN_DIRECT_OBJC_ISA_USAGE = YES_ERROR;
				CLANG_WARN_DOCUMENTATION_COMMENTS = YES;
				CLANG_WARN_EMPTY_BODY = YES;
				CLANG_WARN_ENUM_CONVERSION = YES;
				CLANG_WARN_INFINITE_RECURSION = YES;
				CLANG_WARN_INT_CONVERSION = YES;
				CLANG_WARN_NON_LITERAL_NULL_CONVERSION = YES;
				CLANG_WARN_OBJC_IMPLICIT_RETAIN_SELF = YES;
				CLANG_WARN_OBJC_LITERAL_CONVERSION = YES;
				CLANG_WARN_OBJC_ROOT_CLASS = YES_ERROR;
				CLANG_WARN_QUOTED_INCLUDE_IN_FRAMEWORK_HEADER = YES;
				CLANG_WARN_RANGE_LOOP_ANALYSIS = YES;
				CLANG_WARN_STRICT_PROTOTYPES = YES;
				CLANG_WARN_SUSPICIOUS_MOVE = YES;
				CLANG_WARN_UNGUARDED_AVAILABILITY = YES_AGGRESSIVE;
				CLANG_WARN_UNREACHABLE_CODE = YES;
				CLANG_WARN__DUPLICATE_METHOD_MATCH = YES;
				COPY_PHASE_STRIP = NO;
				DEBUG_INFORMATION_FORMAT = "dwarf-with-dsym";
				ENABLE_NS_ASSERTIONS = NO;
				ENABLE_STRICT_OBJC_MSGSEND = YES;
				GCC_C_LANGUAGE_STANDARD = gnu11;
				GCC_NO_COMMON_BLOCKS = YES;
				GCC_WARN_64_TO_32_BIT_CONVERSION = YES;
				GCC_WARN_ABOUT_RETURN_TYPE = YES_ERROR;
				GCC_WARN_UNDECLARED_SELECTOR = YES;
				GCC_WARN_UNINITIALIZED_AUTOS = YES_AGGRESSIVE;
				GCC_WARN_UNUSED_FUNCTION = YES;
				GCC_WARN_UNUSED_VARIABLE = YES;
				IPHONEOS_DEPLOYMENT_TARGET = 15.0;
				MTL_ENABLE_DEBUG_INFO = NO;
				MTL_FAST_MATH = YES;
				SDKROOT = iphoneos;
				SWIFT_COMPILATION_MODE = wholemodule;
				SWIFT_OPTIMIZATION_LEVEL = "-O";
				VALIDATE_PRODUCT = YES;
			};
			name = Release;
		};
		1FE43353276A8E510022CEDB /* Debug */ = {
			isa = XCBuildConfiguration;
			buildSettings = {
				ASSETCATALOG_COMPILER_APPICON_NAME = AppIcon;
				ASSETCATALOG_COMPILER_GLOBAL_ACCENT_COLOR_NAME = AccentColor;
				CODE_SIGN_STYLE = Automatic;
				CURRENT_PROJECT_VERSION = 1;
				DEVELOPMENT_TEAM = 2K49U2P9W4;
				GENERATE_INFOPLIST_FILE = YES;
				INFOPLIST_FILE = VkStoryboardUI/Info.plist;
				INFOPLIST_KEY_UIApplicationSupportsIndirectInputEvents = YES;
				INFOPLIST_KEY_UILaunchStoryboardName = LaunchScreen;
				INFOPLIST_KEY_UIMainStoryboardFile = Main;
				INFOPLIST_KEY_UISupportedInterfaceOrientations_iPad = "UIInterfaceOrientationPortrait UIInterfaceOrientationPortraitUpsideDown UIInterfaceOrientationLandscapeLeft UIInterfaceOrientationLandscapeRight";
				INFOPLIST_KEY_UISupportedInterfaceOrientations_iPhone = "UIInterfaceOrientationPortrait UIInterfaceOrientationLandscapeLeft UIInterfaceOrientationLandscapeRight";
				LD_RUNPATH_SEARCH_PATHS = (
					"$(inherited)",
					"@executable_path/Frameworks",
				);
				MARKETING_VERSION = 1.0;
				PRODUCT_BUNDLE_IDENTIFIER = "-.VkStoryboardUI";
				PRODUCT_NAME = "$(TARGET_NAME)";
				SWIFT_EMIT_LOC_STRINGS = YES;
				SWIFT_VERSION = 5.0;
				TARGETED_DEVICE_FAMILY = "1,2";
			};
			name = Debug;
		};
		1FE43354276A8E510022CEDB /* Release */ = {
			isa = XCBuildConfiguration;
			buildSettings = {
				ASSETCATALOG_COMPILER_APPICON_NAME = AppIcon;
				ASSETCATALOG_COMPILER_GLOBAL_ACCENT_COLOR_NAME = AccentColor;
				CODE_SIGN_STYLE = Automatic;
				CURRENT_PROJECT_VERSION = 1;
				DEVELOPMENT_TEAM = 2K49U2P9W4;
				GENERATE_INFOPLIST_FILE = YES;
				INFOPLIST_FILE = VkStoryboardUI/Info.plist;
				INFOPLIST_KEY_UIApplicationSupportsIndirectInputEvents = YES;
				INFOPLIST_KEY_UILaunchStoryboardName = LaunchScreen;
				INFOPLIST_KEY_UIMainStoryboardFile = Main;
				INFOPLIST_KEY_UISupportedInterfaceOrientations_iPad = "UIInterfaceOrientationPortrait UIInterfaceOrientationPortraitUpsideDown UIInterfaceOrientationLandscapeLeft UIInterfaceOrientationLandscapeRight";
				INFOPLIST_KEY_UISupportedInterfaceOrientations_iPhone = "UIInterfaceOrientationPortrait UIInterfaceOrientationLandscapeLeft UIInterfaceOrientationLandscapeRight";
				LD_RUNPATH_SEARCH_PATHS = (
					"$(inherited)",
					"@executable_path/Frameworks",
				);
				MARKETING_VERSION = 1.0;
				PRODUCT_BUNDLE_IDENTIFIER = "-.VkStoryboardUI";
				PRODUCT_NAME = "$(TARGET_NAME)";
				SWIFT_EMIT_LOC_STRINGS = YES;
				SWIFT_VERSION = 5.0;
				TARGETED_DEVICE_FAMILY = "1,2";
			};
			name = Release;
		};
/* End XCBuildConfiguration section */

/* Begin XCConfigurationList section */
		1FE43339276A8E4F0022CEDB /* Build configuration list for PBXProject "VkStoryboardUI" */ = {
			isa = XCConfigurationList;
			buildConfigurations = (
				1FE43350276A8E510022CEDB /* Debug */,
				1FE43351276A8E510022CEDB /* Release */,
			);
			defaultConfigurationIsVisible = 0;
			defaultConfigurationName = Release;
		};
		1FE43352276A8E510022CEDB /* Build configuration list for PBXNativeTarget "VkStoryboardUI" */ = {
			isa = XCConfigurationList;
			buildConfigurations = (
				1FE43353276A8E510022CEDB /* Debug */,
				1FE43354276A8E510022CEDB /* Release */,
			);
			defaultConfigurationIsVisible = 0;
			defaultConfigurationName = Release;
		};
/* End XCConfigurationList section */
	};
	rootObject = 1FE43336276A8E4F0022CEDB /* Project object */;
}
